// !$*UTF8*$!
{
	archiveVersion = 1;
	classes = {
	};
	objectVersion = 46;
	objects = {

/* Begin PBXBuildFile section */
		A17E5DC11C3C08AA00FD43EE /* AppDelegate.swift in Sources */ = {isa = PBXBuildFile; fileRef = A17E5DC01C3C08AA00FD43EE /* AppDelegate.swift */; };
		A17E5DC31C3C08AA00FD43EE /* ViewController.swift in Sources */ = {isa = PBXBuildFile; fileRef = A17E5DC21C3C08AA00FD43EE /* ViewController.swift */; };
		A17E5DC61C3C08AA00FD43EE /* Main.storyboard in Resources */ = {isa = PBXBuildFile; fileRef = A17E5DC41C3C08AA00FD43EE /* Main.storyboard */; };
		A17E5DC81C3C08AA00FD43EE /* Assets.xcassets in Resources */ = {isa = PBXBuildFile; fileRef = A17E5DC71C3C08AA00FD43EE /* Assets.xcassets */; };
		A17E5DCB1C3C08AA00FD43EE /* LaunchScreen.storyboard in Resources */ = {isa = PBXBuildFile; fileRef = A17E5DC91C3C08AA00FD43EE /* LaunchScreen.storyboard */; };
/* End PBXBuildFile section */

/* Begin PBXFileReference section */
		A17E5DBD1C3C08AA00FD43EE /* NavigationManager.app */ = {isa = PBXFileReference; explicitFileType = wrapper.application; includeInIndex = 0; path = NavigationManager.app; sourceTree = BUILT_PRODUCTS_DIR; };
		A17E5DC01C3C08AA00FD43EE /* AppDelegate.swift */ = {isa = PBXFileReference; lastKnownFileType = sourcecode.swift; path = AppDelegate.swift; sourceTree = "<group>"; };
		A17E5DC21C3C08AA00FD43EE /* ViewController.swift */ = {isa = PBXFileReference; lastKnownFileType = sourcecode.swift; path = ViewController.swift; sourceTree = "<group>"; };
		A17E5DC51C3C08AA00FD43EE /* Base */ = {isa = PBXFileReference; lastKnownFileType = file.storyboard; name = Base; path = Base.lproj/Main.storyboard; sourceTree = "<group>"; };
		A17E5DC71C3C08AA00FD43EE /* Assets.xcassets */ = {isa = PBXFileReference; lastKnownFileType = folder.assetcatalog; path = Assets.xcassets; sourceTree = "<group>"; };
		A17E5DCA1C3C08AA00FD43EE /* Base */ = {isa = PBXFileReference; lastKnownFileType = file.storyboard; name = Base; path = Base.lproj/LaunchScreen.storyboard; sourceTree = "<group>"; };
		A17E5DCC1C3C08AA00FD43EE /* Info.plist */ = {isa = PBXFileReference; lastKnownFileType = text.plist.xml; path = Info.plist; sourceTree = "<group>"; };
/* End PBXFileReference section */

/* Begin PBXFrameworksBuildPhase section */
		A17E5DBA1C3C08AA00FD43EE /* Frameworks */ = {
			isa = PBXFrameworksBuildPhase;
			buildActionMask = 2147483647;
			files = (
			);
			runOnlyForDeploymentPostprocessing = 0;
		};
/* End PBXFrameworksBuildPhase section */

/* Begin PBXGroup section */
		A17E5DB41C3C08AA00FD43EE = {
			isa = PBXGroup;
			children = (
				A17E5DBF1C3C08AA00FD43EE /* NavigationManager */,
				A17E5DBE1C3C08AA00FD43EE /* Products */,
			);
			sourceTree = "<group>";
		};
		A17E5DBE1C3C08AA00FD43EE /* Products */ = {
			isa = PBXGroup;
			children = (
				A17E5DBD1C3C08AA00FD43EE /* NavigationManager.app */,
			);
			name = Products;
			sourceTree = "<group>";
		};
		A17E5DBF1C3C08AA00FD43EE /* NavigationManager */ = {
			isa = PBXGroup;
			children = (
				A17E5DC01C3C08AA00FD43EE /* AppDelegate.swift */,
				A17E5DC21C3C08AA00FD43EE /* ViewController.swift */,
				A17E5DC41C3C08AA00FD43EE /* Main.storyboard */,
				A17E5DC71C3C08AA00FD43EE /* Assets.xcassets */,
				A17E5DC91C3C08AA00FD43EE /* LaunchScreen.storyboard */,
				A17E5DCC1C3C08AA00FD43EE /* Info.plist */,
			);
			path = NavigationManager;
			sourceTree = "<group>";
		};
/* End PBXGroup section */

/* Begin PBXNativeTarget section */
		A17E5DBC1C3C08AA00FD43EE /* NavigationManager */ = {
			isa = PBXNativeTarget;
			buildConfigurationList = A17E5DCF1C3C08AA00FD43EE /* Build configuration list for PBXNativeTarget "NavigationManager" */;
			buildPhases = (
				A17E5DB91C3C08AA00FD43EE /* Sources */,
				A17E5DBA1C3C08AA00FD43EE /* Frameworks */,
				A17E5DBB1C3C08AA00FD43EE /* Resources */,
			);
			buildRules = (
			);
			dependencies = (
			);
			name = NavigationManager;
			productName = NavigationManager;
			productReference = A17E5DBD1C3C08AA00FD43EE /* NavigationManager.app */;
			productType = "com.apple.product-type.application";
		};
/* End PBXNativeTarget section */

/* Begin PBXProject section */
		A17E5DB51C3C08AA00FD43EE /* Project object */ = {
			isa = PBXProject;
			attributes = {
				LastSwiftUpdateCheck = 0720;
				LastUpgradeCheck = 0720;
				ORGANIZATIONNAME = "Ross Mooney";
				TargetAttributes = {
					A17E5DBC1C3C08AA00FD43EE = {
						CreatedOnToolsVersion = 7.2;
					};
				};
			};
			buildConfigurationList = A17E5DB81C3C08AA00FD43EE /* Build configuration list for PBXProject "NavigationManager" */;
			compatibilityVersion = "Xcode 3.2";
			developmentRegion = English;
			hasScannedForEncodings = 0;
			knownRegions = (
				en,
				Base,
			);
			mainGroup = A17E5DB41C3C08AA00FD43EE;
			productRefGroup = A17E5DBE1C3C08AA00FD43EE /* Products */;
			projectDirPath = "";
			projectRoot = "";
			targets = (
				A17E5DBC1C3C08AA00FD43EE /* NavigationManager */,
			);
		};
/* End PBXProject section */

/* Begin PBXResourcesBuildPhase section */
		A17E5DBB1C3C08AA00FD43EE /* Resources */ = {
			isa = PBXResourcesBuildPhase;
			buildActionMask = 2147483647;
			files = (
				A17E5DCB1C3C08AA00FD43EE /* LaunchScreen.storyboard in Resources */,
				A17E5DC81C3C08AA00FD43EE /* Assets.xcassets in Resources */,
				A17E5DC61C3C08AA00FD43EE /* Main.storyboard in Resources */,
			);
			runOnlyForDeploymentPostprocessing = 0;
		};
/* End PBXResourcesBuildPhase section */

/* Begin PBXSourcesBuildPhase section */
		A17E5DB91C3C08AA00FD43EE /* Sources */ = {
			isa = PBXSourcesBuildPhase;
			buildActionMask = 2147483647;
			files = (
				A17E5DC31C3C08AA00FD43EE /* ViewController.swift in Sources */,
				A17E5DC11C3C08AA00FD43EE /* AppDelegate.swift in Sources */,
			);
			runOnlyForDeploymentPostprocessing = 0;
		};
/* End PBXSourcesBuildPhase section */

/* Begin PBXVariantGroup section */
		A17E5DC41C3C08AA00FD43EE /* Main.storyboard */ = {
			isa = PBXVariantGroup;
			children = (
				A17E5DC51C3C08AA00FD43EE /* Base */,
			);
			name = Main.storyboard;
			sourceTree = "<group>";
		};
		A17E5DC91C3C08AA00FD43EE /* LaunchScreen.storyboard */ = {
			isa = PBXVariantGroup;
			children = (
				A17E5DCA1C3C08AA00FD43EE /* Base */,
			);
			name = LaunchScreen.storyboard;
			sourceTree = "<group>";
		};
/* End PBXVariantGroup section */

/* Begin XCBuildConfiguration section */
		A17E5DCD1C3C08AA00FD43EE /* Debug */ = {
			isa = XCBuildConfiguration;
			buildSettings = {
				ALWAYS_SEARCH_USER_PATHS = NO;
				CLANG_CXX_LANGUAGE_STANDARD = "gnu++0x";
				CLANG_CXX_LIBRARY = "libc++";
				CLANG_ENABLE_MODULES = YES;
				CLANG_ENABLE_OBJC_ARC = YES;
				CLANG_WARN_BOOL_CONVERSION = YES;
				CLANG_WARN_CONSTANT_CONVERSION = YES;
				CLANG_WARN_DIRECT_OBJC_ISA_USAGE = YES_ERROR;
				CLANG_WARN_EMPTY_BODY = YES;
				CLANG_WARN_ENUM_CONVERSION = YES;
				CLANG_WARN_INT_CONVERSION = YES;
				CLANG_WARN_OBJC_ROOT_CLASS = YES_ERROR;
				CLANG_WARN_UNREACHABLE_CODE = YES;
				CLANG_WARN__DUPLICATE_METHOD_MATCH = YES;
				"CODE_SIGN_IDENTITY[sdk=iphoneos*]" = "iPhone Developer";
				COPY_PHASE_STRIP = NO;
				DEBUG_INFORMATION_FORMAT = dwarf;
				ENABLE_STRICT_OBJC_MSGSEND = YES;
				ENABLE_TESTABILITY = YES;
				GCC_C_LANGUAGE_STANDARD = gnu99;
				GCC_DYNAMIC_NO_PIC = NO;
				GCC_NO_COMMON_BLOCKS = YES;
				GCC_OPTIMIZATION_LEVEL = 0;
				GCC_PREPROCESSOR_DEFINITIONS = (
					"DEBUG=1",
					"$(inherited)",
				);
				GCC_WARN_64_TO_32_BIT_CONVERSION = YES;
				GCC_WARN_ABOUT_RETURN_TYPE = YES_ERROR;
				GCC_WARN_UNDECLARED_SELECTOR = YES;
				GCC_WARN_UNINITIALIZED_AUTOS = YES_AGGRESSIVE;
				GCC_WARN_UNUSED_FUNCTION = YES;
				GCC_WARN_UNUSED_VARIABLE = YES;
				IPHONEOS_DEPLOYMENT_TARGET = 9.2;
				MTL_ENABLE_DEBUG_INFO = YES;
				ONLY_ACTIVE_ARCH = YES;
				SDKROOT = iphoneos;
				SWIFT_OPTIMIZATION_LEVEL = "-Onone";
				TARGETED_DEVICE_FAMILY = "1,2";
			};
			name = Debug;
		};
		A17E5DCE1C3C08AA00FD43EE /* Release */ = {
			isa = XCBuildConfiguration;
			buildSettings = {
				ALWAYS_SEARCH_USER_PATHS = NO;
				CLANG_CXX_LANGUAGE_STANDARD = "gnu++0x";
				CLANG_CXX_LIBRARY = "libc++";
				CLANG_ENABLE_MODULES = YES;
				CLANG_ENABLE_OBJC_ARC = YES;
				CLANG_WARN_BOOL_CONVERSION = YES;
				CLANG_WARN_CONSTANT_CONVERSION = YES;
				CLANG_WARN_DIRECT_OBJC_ISA_USAGE = YES_ERROR;
				CLANG_WARN_EMPTY_BODY = YES;
				CLANG_WARN_ENUM_CONVERSION = YES;
				CLANG_WARN_INT_CONVERSION = YES;
				CLANG_WARN_OBJC_ROOT_CLASS = YES_ERROR;
				CLANG_WARN_UNREACHABLE_CODE = YES;
				CLANG_WARN__DUPLICATE_METHOD_MATCH = YES;
				"CODE_SIGN_IDENTITY[sdk=iphoneos*]" = "iPhone Developer";
				COPY_PHASE_STRIP = NO;
				DEBUG_INFORMATION_FORMAT = "dwarf-with-dsym";
				ENABLE_NS_ASSERTIONS = NO;
				ENABLE_STRICT_OBJC_MSGSEND = YES;
				GCC_C_LANGUAGE_STANDARD = gnu99;
				GCC_NO_COMMON_BLOCKS = YES;
				GCC_WARN_64_TO_32_BIT_CONVERSION = YES;
				GCC_WARN_ABOUT_RETURN_TYPE = YES_ERROR;
				GCC_WARN_UNDECLARED_SELECTOR = YES;
				GCC_WARN_UNINITIALIZED_AUTOS = YES_AGGRESSIVE;
				GCC_WARN_UNUSED_FUNCTION = YES;
				GCC_WARN_UNUSED_VARIABLE = YES;
				IPHONEOS_DEPLOYMENT_TARGET = 9.2;
				MTL_ENABLE_DEBUG_INFO = NO;
				SDKROOT = iphoneos;
				TARGETED_DEVICE_FAMILY = "1,2";
				VALIDATE_PRODUCT = YES;
			};
			name = Release;
		};
		A17E5DD01C3C08AA00FD43EE /* Debug */ = {
			isa = XCBuildConfiguration;
			buildSettings = {
				ASSETCATALOG_COMPILER_APPICON_NAME = AppIcon;
				INFOPLIST_FILE = NavigationManager/Info.plist;
				LD_RUNPATH_SEARCH_PATHS = "$(inherited) @executable_path/Frameworks";
				PRODUCT_BUNDLE_IDENTIFIER = com.boomtownroi.NavigationManager;
				PRODUCT_NAME = "$(TARGET_NAME)";
			};
			name = Debug;
		};
		A17E5DD11C3C08AA00FD43EE /* Release */ = {
			isa = XCBuildConfiguration;
			buildSettings = {
				ASSETCATALOG_COMPILER_APPICON_NAME = AppIcon;
				INFOPLIST_FILE = NavigationManager/Info.plist;
				LD_RUNPATH_SEARCH_PATHS = "$(inherited) @executable_path/Frameworks";
				PRODUCT_BUNDLE_IDENTIFIER = com.boomtownroi.NavigationManager;
				PRODUCT_NAME = "$(TARGET_NAME)";
			};
			name = Release;
		};
/* End XCBuildConfiguration section */

/* Begin XCConfigurationList section */
		A17E5DB81C3C08AA00FD43EE /* Build configuration list for PBXProject "NavigationManager" */ = {
			isa = XCConfigurationList;
			buildConfigurations = (
				A17E5DCD1C3C08AA00FD43EE /* Debug */,
				A17E5DCE1C3C08AA00FD43EE /* Release */,
			);
			defaultConfigurationIsVisible = 0;
			defaultConfigurationName = Release;
		};
		A17E5DCF1C3C08AA00FD43EE /* Build configuration list for PBXNativeTarget "NavigationManager" */ = {
			isa = XCConfigurationList;
			buildConfigurations = (
				A17E5DD01C3C08AA00FD43EE /* Debug */,
				A17E5DD11C3C08AA00FD43EE /* Release */,
			);
			defaultConfigurationIsVisible = 0;
		};
/* End XCConfigurationList section */
	};
	rootObject = A17E5DB51C3C08AA00FD43EE /* Project object */;
}
